github.com/emersion/go-sasl v0.0.0-20200509203442-7bfe0ed36a21 h1:OJyUGMJTzHTd1XQp98QTaHernxMYzRaOasRir9hUlFQ=
github.com/emersion/go-sasl v0.0.0-20200509203442-7bfe0ed36a21/go.mod h1:iL2twTeMvZnrg54ZoPDNfJaJaqy0xIQFuBdrLsmspwQ=
github.com/emersion/go-smtp v0.15.0 h1:3+hMGMGrqP/lqd7qoxZc1hTU8LY8gHV9RFGWlqSDmP8=
github.com/emersion/go-smtp v0.15.0/go.mod h1:qm27SGYgoIPRot6ubfQ/GpiPy/g3PaZAVRxiO/sDUgQ=
github.com/go-marshaltemabu/go-unixtime v0.0.1 h1:6VlNvjVGiOZU2p+L5msT2DpM/QaDp/a9hMBiwpxhZso=
github.com/go-marshaltemabu/go-unixtime v0.0.1/go.mod h1:PQ3Xu2xg53VGVd970+LKePJOES9bjoJX0uHqKyBLOFU=
github.com/yinyin/go-email-address-normalize v0.1.0 h1:TP+cAtxZadwZu8tEnsAh56CHii4OJSHh3IzsddEL7/Y=
github.com/yinyin/go-email-address-normalize v0.1.0/go.mod h1:0GgTb/irj5cHUG0g92Wy8HNCDIbVBaMtlSQMQMBWApI=
github.com/yinyin/go-util-http-handlers v0.13.0 h1:g56gvfrrQ5hrJbCGqPboi9IaieD3FBs7mNCpwu7aZgc=
github.com/yinyin/go-util-http-handlers v0.13.0/go.mod h1:T3xWkVPLqd0GaI0vCFPFZr0+JKKep7t2fLieo/nnPjo=
github.com/yinyin/go-util-http-serve-file v0.2.5 h1:tEQRVjo1/qFfAfZMKnv8HYsnCJG5R2Okzi5KbZDe/y8=
github.com/yinyin/go-util-http-serve-file v0.2.5/go.mod h1:UhEpn2bvGjSiRX9h78dBNLrkzZgzWoOA/WGeb/JY6GY=
